
Microsoft Visual Studio Solution File, Format Version 12.00
# Visual Studio Version 17
VisualStudioVersion = 17.4.33403.182
MinimumVisualStudioVersion = 10.0.40219.1
Project("{9A19103F-16F7-4668-BE54-9A1E7A4F7556}") = "GitGetApi", "GitGetApi.csproj", "{1197FC78-C511-47E9-8930-B25920BE2A02}"
EndProject
Project("{9A19103F-16F7-4668-BE54-9A1E7A4F7556}") = "GitGetApiTests", "..\GitGetApiTests\GitGetApiTests.csproj", "{D408D34D-E984-42BD-A28E-5414AC701F3C}"
EndProject
Global
	GlobalSection(SolutionConfigurationPlatforms) = preSolution
		Debug|Any CPU = Debug|Any CPU
		Release|Any CPU = Release|Any CPU
	EndGlobalSection
	GlobalSection(ProjectConfigurationPlatforms) = postSolution
		{1197FC78-C511-47E9-8930-B25920BE2A02}.Debug|Any CPU.ActiveCfg = Debug|Any CPU
		{1197FC78-C511-47E9-8930-B25920BE2A02}.Debug|Any CPU.Build.0 = Debug|Any CPU
		{1197FC78-C511-47E9-8930-B25920BE2A02}.Release|Any CPU.ActiveCfg = Debug|Any CPU
		{1197FC78-C511-47E9-8930-B25920BE2A02}.Release|Any CPU.Build.0 = Debug|Any CPU
		{D408D34D-E984-42BD-A28E-5414AC701F3C}.Debug|Any CPU.ActiveCfg = Debug|Any CPU
		{D408D34D-E984-42BD-A28E-5414AC701F3C}.Debug|Any CPU.Build.0 = Debug|Any CPU
		{D408D34D-E984-42BD-A28E-5414AC701F3C}.Release|Any CPU.ActiveCfg = Debug|Any CPU
		{D408D34D-E984-42BD-A28E-5414AC701F3C}.Release|Any CPU.Build.0 = Debug|Any CPU
	EndGlobalSection
	GlobalSection(SolutionProperties) = preSolution
		HideSolutionNode = FALSE
	EndGlobalSection
	GlobalSection(ExtensibilityGlobals) = postSolution
		SolutionGuid = {EFE1990B-2A8D-464D-8DAB-56E01454378A}
	EndGlobalSection
EndGlobal
